
Microsoft Visual Studio Solution File, Format Version 12.00
# Visual Studio Version 16
VisualStudioVersion = 16.0.30711.63
MinimumVisualStudioVersion = 10.0.40219.1
Project("{FAE04EC0-301F-11D3-BF4B-00C04F79EFBC}") = "DisplayBinarySavedIamge", "DisplayBinarySavedIamge\DisplayBinarySavedIamge.csproj", "{2897FD5A-11E1-403D-A21B-A533784F1E02}"
EndProject
Global
	GlobalSection(SolutionConfigurationPlatforms) = preSolution
		Debug|Any CPU = Debug|Any CPU
		Release|Any CPU = Release|Any CPU
	EndGlobalSection
	GlobalSection(ProjectConfigurationPlatforms) = postSolution
		{2897FD5A-11E1-403D-A21B-A533784F1E02}.Debug|Any CPU.ActiveCfg = Debug|Any CPU
		{2897FD5A-11E1-403D-A21B-A533784F1E02}.Debug|Any CPU.Build.0 = Debug|Any CPU
		{2897FD5A-11E1-403D-A21B-A533784F1E02}.Release|Any CPU.ActiveCfg = Release|Any CPU
		{2897FD5A-11E1-403D-A21B-A533784F1E02}.Release|Any CPU.Build.0 = Release|Any CPU
	EndGlobalSection
	GlobalSection(SolutionProperties) = preSolution
		HideSolutionNode = FALSE
	EndGlobalSection
	GlobalSection(ExtensibilityGlobals) = postSolution
		SolutionGuid = {5B6C9FAD-C228-4A55-A10C-F8C5CF391FF3}
	EndGlobalSection
EndGlobal
